
Microsoft Visual Studio Solution File, Format Version 12.00
# Visual Studio Version 16
VisualStudioVersion = 16.0.31025.194
MinimumVisualStudioVersion = 10.0.40219.1
Project("{FAE04EC0-301F-11D3-BF4B-00C04F79EFBC}") = "Blindnet-BackendSDK-NETFramework", "Blindnet-BackendSDK-NETFramework.csproj", "{1251AFD3-C268-419F-848B-0160576A5220}"
EndProject
Global
	GlobalSection(SolutionConfigurationPlatforms) = preSolution
		Debug|Any CPU = Debug|Any CPU
		Release|Any CPU = Release|Any CPU
	EndGlobalSection
	GlobalSection(ProjectConfigurationPlatforms) = postSolution
		{1251AFD3-C268-419F-848B-0160576A5220}.Debug|Any CPU.ActiveCfg = Debug|Any CPU
		{1251AFD3-C268-419F-848B-0160576A5220}.Debug|Any CPU.Build.0 = Debug|Any CPU
		{1251AFD3-C268-419F-848B-0160576A5220}.Release|Any CPU.ActiveCfg = Release|Any CPU
		{1251AFD3-C268-419F-848B-0160576A5220}.Release|Any CPU.Build.0 = Release|Any CPU
	EndGlobalSection
	GlobalSection(SolutionProperties) = preSolution
		HideSolutionNode = FALSE
	EndGlobalSection
	GlobalSection(ExtensibilityGlobals) = postSolution
		SolutionGuid = {8BA27B2B-4C9B-407E-B28F-73F398F5590C}
	EndGlobalSection
EndGlobal
