
Microsoft Visual Studio Solution File, Format Version 12.00
# Visual Studio Version 17
VisualStudioVersion = 17.2.32630.192
MinimumVisualStudioVersion = 10.0.40219.1
Project("{FAE04EC0-301F-11D3-BF4B-00C04F79EFBC}") = "BlindnetSDK-NetFramework", "BlindnetSDK-NetFramework.csproj", "{2D9AFDCA-F211-4774-9FE1-2F6A27AE447A}"
EndProject
Global
	GlobalSection(SolutionConfigurationPlatforms) = preSolution
		Debug|Any CPU = Debug|Any CPU
		Release|Any CPU = Release|Any CPU
	EndGlobalSection
	GlobalSection(ProjectConfigurationPlatforms) = postSolution
		{2D9AFDCA-F211-4774-9FE1-2F6A27AE447A}.Debug|Any CPU.ActiveCfg = Debug|Any CPU
		{2D9AFDCA-F211-4774-9FE1-2F6A27AE447A}.Debug|Any CPU.Build.0 = Debug|Any CPU
		{2D9AFDCA-F211-4774-9FE1-2F6A27AE447A}.Release|Any CPU.ActiveCfg = Release|Any CPU
		{2D9AFDCA-F211-4774-9FE1-2F6A27AE447A}.Release|Any CPU.Build.0 = Release|Any CPU
	EndGlobalSection
	GlobalSection(SolutionProperties) = preSolution
		HideSolutionNode = FALSE
	EndGlobalSection
	GlobalSection(ExtensibilityGlobals) = postSolution
		SolutionGuid = {DAE4B32F-6B83-4029-9AC2-D74126D76DC5}
	EndGlobalSection
EndGlobal
